
Microsoft Visual Studio Solution File, Format Version 12.00
# Visual Studio Version 16
VisualStudioVersion = 16.0.29709.97
MinimumVisualStudioVersion = 10.0.40219.1
Project("{FAE04EC0-301F-11D3-BF4B-00C04F79EFBC}") = "LaserBounceSolver", "LaserBounceSolver\LaserBounceSolver.csproj", "{FAD2DE51-CFEE-47D4-8340-CF64D2A6B388}"
EndProject
Global
	GlobalSection(SolutionConfigurationPlatforms) = preSolution
		Debug|Any CPU = Debug|Any CPU
		Release|Any CPU = Release|Any CPU
	EndGlobalSection
	GlobalSection(ProjectConfigurationPlatforms) = postSolution
		{FAD2DE51-CFEE-47D4-8340-CF64D2A6B388}.Debug|Any CPU.ActiveCfg = Debug|Any CPU
		{FAD2DE51-CFEE-47D4-8340-CF64D2A6B388}.Debug|Any CPU.Build.0 = Debug|Any CPU
		{FAD2DE51-CFEE-47D4-8340-CF64D2A6B388}.Release|Any CPU.ActiveCfg = Release|Any CPU
		{FAD2DE51-CFEE-47D4-8340-CF64D2A6B388}.Release|Any CPU.Build.0 = Release|Any CPU
	EndGlobalSection
	GlobalSection(SolutionProperties) = preSolution
		HideSolutionNode = FALSE
	EndGlobalSection
	GlobalSection(ExtensibilityGlobals) = postSolution
		SolutionGuid = {2BA48B13-F256-4FF5-9E15-5BAD5386688D}
	EndGlobalSection
EndGlobal
